{
  "version": 4,
  "terraform_version": "1.5.7",
  "serial": 23,
  "lineage": "2a5b63f8-26fe-2025-f37c-f9d29d1aa0ff",
  "outputs": {
    "auto": {
      "value": {
        "auto_create_subnetworks": true,
        "delete_default_routes_on_create": false,
        "description": "",
        "gateway_ipv4": "",
        "id": "projects/plataforma-3/global/networks/auto-vpc-tf",
        "mtu": 0,
        "name": "auto-vpc-tf",
        "project": "plataforma-3",
        "routing_mode": "REGIONAL",
        "self_link": "https://www.googleapis.com/compute/v1/projects/plataforma-3/global/networks/auto-vpc-tf",
        "timeouts": null
      },
      "type": [
        "object",
        {
          "auto_create_subnetworks": "bool",
          "delete_default_routes_on_create": "bool",
          "description": "string",
          "gateway_ipv4": "string",
          "id": "string",
          "mtu": "number",
          "name": "string",
          "project": "string",
          "routing_mode": "string",
          "self_link": "string",
          "timeouts": [
            "object",
            {
              "create": "string",
              "delete": "string",
              "update": "string"
            }
          ]
        }
      ]
    },
    "custom": {
      "value": {
        "auto_create_subnetworks": false,
        "delete_default_routes_on_create": false,
        "description": "",
        "gateway_ipv4": "",
        "id": "projects/plataforma-3/global/networks/plataforma-3-vpc-tf",
        "mtu": 0,
        "name": "plataforma-3-vpc-tf",
        "project": "plataforma-3",
        "routing_mode": "REGIONAL",
        "self_link": "https://www.googleapis.com/compute/v1/projects/plataforma-3/global/networks/plataforma-3-vpc-tf",
        "timeouts": null
      },
      "type": [
        "object",
        {
          "auto_create_subnetworks": "bool",
          "delete_default_routes_on_create": "bool",
          "description": "string",
          "gateway_ipv4": "string",
          "id": "string",
          "mtu": "number",
          "name": "string",
          "project": "string",
          "routing_mode": "string",
          "self_link": "string",
          "timeouts": [
            "object",
            {
              "create": "string",
              "delete": "string",
              "update": "string"
            }
          ]
        }
      ]
    }
  },
  "resources": [
    {
      "mode": "managed",
      "type": "google_compute_firewall",
      "name": "allow-icmp",
      "provider": "provider[\"registry.terraform.io/hashicorp/google\"]",
      "instances": [
        {
          "schema_version": 1,
          "attributes": {
            "allow": [
              {
                "ports": [],
                "protocol": "icmp"
              }
            ],
            "creation_timestamp": "2023-09-19T16:57:11.031-07:00",
            "deny": [],
            "description": "",
            "destination_ranges": [],
            "direction": "INGRESS",
            "disabled": false,
            "enable_logging": null,
            "id": "projects/plataforma-3/global/firewalls/allow-icmp",
            "log_config": [],
            "name": "allow-icmp",
            "network": "https://www.googleapis.com/compute/v1/projects/plataforma-3/global/networks/plataforma-3-vpc-tf",
            "priority": 455,
            "project": "plataforma-3",
            "self_link": "https://www.googleapis.com/compute/v1/projects/plataforma-3/global/firewalls/allow-icmp",
            "source_ranges": [
              "201.51.203.184/32"
            ],
            "source_service_accounts": [],
            "source_tags": [],
            "target_service_accounts": [],
            "target_tags": [],
            "timeouts": null
          },
          "sensitive_attributes": [],
          "private": "eyJlMmJmYjczMC1lY2FhLTExZTYtOGY4OC0zNDM2M2JjN2M0YzAiOnsiY3JlYXRlIjoyNDAwMDAwMDAwMDAsImRlbGV0ZSI6MjQwMDAwMDAwMDAwLCJ1cGRhdGUiOjI0MDAwMDAwMDAwMH0sInNjaGVtYV92ZXJzaW9uIjoiMSJ9",
          "dependencies": [
            "google_compute_network.plataforma-3-vpc-tf"
          ]
        }
      ]
    },
    {
      "mode": "managed",
      "type": "google_compute_firewall",
      "name": "allow-tcp",
      "provider": "provider[\"registry.terraform.io/hashicorp/google\"]",
      "instances": [
        {
          "schema_version": 1,
          "attributes": {
            "allow": [
              {
                "ports": [
                  "80",
                  "8080",
                  "1000-2000"
                ],
                "protocol": "tcp"
              }
            ],
            "creation_timestamp": "2023-09-19T17:08:00.833-07:00",
            "deny": [],
            "description": "",
            "destination_ranges": [],
            "direction": "INGRESS",
            "disabled": false,
            "enable_logging": null,
            "id": "projects/plataforma-3/global/firewalls/allow-http",
            "log_config": [],
            "name": "allow-http",
            "network": "https://www.googleapis.com/compute/v1/projects/plataforma-3/global/networks/plataforma-3-vpc-tf",
            "priority": 1000,
            "project": "plataforma-3",
            "self_link": "https://www.googleapis.com/compute/v1/projects/plataforma-3/global/firewalls/allow-http",
            "source_ranges": [
              "0.0.0.0/0"
            ],
            "source_service_accounts": [],
            "source_tags": [],
            "target_service_accounts": [],
            "target_tags": [],
            "timeouts": null
          },
          "sensitive_attributes": [],
          "private": "eyJlMmJmYjczMC1lY2FhLTExZTYtOGY4OC0zNDM2M2JjN2M0YzAiOnsiY3JlYXRlIjoyNDAwMDAwMDAwMDAsImRlbGV0ZSI6MjQwMDAwMDAwMDAwLCJ1cGRhdGUiOjI0MDAwMDAwMDAwMH0sInNjaGVtYV92ZXJzaW9uIjoiMSJ9",
          "dependencies": [
            "google_compute_network.plataforma-3-vpc-tf"
          ]
        }
      ]
    },
    {
      "mode": "managed",
      "type": "google_compute_network",
      "name": "auto-vpc-tf",
      "provider": "provider[\"registry.terraform.io/hashicorp/google\"]",
      "instances": [
        {
          "schema_version": 0,
          "attributes": {
            "auto_create_subnetworks": true,
            "delete_default_routes_on_create": false,
            "description": "",
            "gateway_ipv4": "",
            "id": "projects/plataforma-3/global/networks/auto-vpc-tf",
            "mtu": 0,
            "name": "auto-vpc-tf",
            "project": "plataforma-3",
            "routing_mode": "REGIONAL",
            "self_link": "https://www.googleapis.com/compute/v1/projects/plataforma-3/global/networks/auto-vpc-tf",
            "timeouts": null
          },
          "sensitive_attributes": [],
          "private": "eyJlMmJmYjczMC1lY2FhLTExZTYtOGY4OC0zNDM2M2JjN2M0YzAiOnsiY3JlYXRlIjoyNDAwMDAwMDAwMDAsImRlbGV0ZSI6MjQwMDAwMDAwMDAwLCJ1cGRhdGUiOjI0MDAwMDAwMDAwMH19"
        }
      ]
    },
    {
      "mode": "managed",
      "type": "google_compute_network",
      "name": "plataforma-3-vpc-tf",
      "provider": "provider[\"registry.terraform.io/hashicorp/google\"]",
      "instances": [
        {
          "schema_version": 0,
          "attributes": {
            "auto_create_subnetworks": false,
            "delete_default_routes_on_create": false,
            "description": "",
            "gateway_ipv4": "",
            "id": "projects/plataforma-3/global/networks/plataforma-3-vpc-tf",
            "mtu": 0,
            "name": "plataforma-3-vpc-tf",
            "project": "plataforma-3",
            "routing_mode": "REGIONAL",
            "self_link": "https://www.googleapis.com/compute/v1/projects/plataforma-3/global/networks/plataforma-3-vpc-tf",
            "timeouts": null
          },
          "sensitive_attributes": [],
          "private": "eyJlMmJmYjczMC1lY2FhLTExZTYtOGY4OC0zNDM2M2JjN2M0YzAiOnsiY3JlYXRlIjoyNDAwMDAwMDAwMDAsImRlbGV0ZSI6MjQwMDAwMDAwMDAwLCJ1cGRhdGUiOjI0MDAwMDAwMDAwMH19"
        }
      ]
    },
    {
      "mode": "managed",
      "type": "google_compute_subnetwork",
      "name": "sub-sg",
      "provider": "provider[\"registry.terraform.io/hashicorp/google\"]",
      "instances": [
        {
          "schema_version": 0,
          "attributes": {
            "creation_timestamp": "2023-09-19T16:41:46.625-07:00",
            "description": "",
            "fingerprint": null,
            "gateway_address": "10.1.0.1",
            "id": "projects/plataforma-3/regions/us-central1/subnetworks/sub-sg",
            "ip_cidr_range": "10.1.0.0/24",
            "log_config": [],
            "name": "sub-sg",
            "network": "https://www.googleapis.com/compute/v1/projects/plataforma-3/global/networks/plataforma-3-vpc-tf",
            "private_ip_google_access": true,
            "private_ipv6_google_access": "DISABLE_GOOGLE_ACCESS",
            "project": "plataforma-3",
            "purpose": "PRIVATE",
            "region": "us-central1",
            "role": "",
            "secondary_ip_range": [],
            "self_link": "https://www.googleapis.com/compute/v1/projects/plataforma-3/regions/us-central1/subnetworks/sub-sg",
            "timeouts": null
          },
          "sensitive_attributes": [],
          "private": "eyJlMmJmYjczMC1lY2FhLTExZTYtOGY4OC0zNDM2M2JjN2M0YzAiOnsiY3JlYXRlIjozNjAwMDAwMDAwMDAsImRlbGV0ZSI6MzYwMDAwMDAwMDAwLCJ1cGRhdGUiOjM2MDAwMDAwMDAwMH19",
          "dependencies": [
            "google_compute_network.plataforma-3-vpc-tf"
          ]
        }
      ]
    }
  ],
  "check_results": null
}
