{
  "version": 4,
  "terraform_version": "1.5.7",
  "serial": 1,
  "lineage": "9145f1f1-4365-14c2-6169-70b327f9c7fb",
  "outputs": {},
  "resources": [
    {
      "mode": "data",
      "type": "google_artifact_registry_repository",
      "name": "plataforma-3-repository",
      "provider": "provider[\"registry.terraform.io/hashicorp/google\"]",
      "instances": [
        {
          "schema_version": 0,
          "attributes": {
            "create_time": null,
            "description": null,
            "docker_config": null,
            "format": null,
            "id": null,
            "kms_key_name": null,
            "labels": null,
            "location": null,
            "maven_config": null,
            "mode": null,
            "name": null,
            "project": null,
            "remote_repository_config": null,
            "repository_id": null,
            "update_time": null,
            "virtual_repository_config": null
          },
          "sensitive_attributes": []
        }
      ]
    },
    {
      "mode": "managed",
      "type": "google_artifact_registry_repository",
      "name": "plataforma-3-repository",
      "provider": "provider[\"registry.terraform.io/hashicorp/google\"]",
      "instances": [
        {
          "schema_version": 0,
          "attributes": {
            "create_time": "2023-09-20T00:53:34.881100Z",
            "description": "images repository",
            "docker_config": [
              {
                "immutable_tags": true
              }
            ],
            "format": "DOCKER",
            "id": "projects/plataforma-3/locations/us-central1/repositories/plataforma-3-repository",
            "kms_key_name": "",
            "labels": null,
            "location": "us-central1",
            "maven_config": [],
            "mode": "STANDARD_REPOSITORY",
            "name": "plataforma-3-repository",
            "project": "plataforma-3",
            "remote_repository_config": [],
            "repository_id": "plataforma-3-repository",
            "timeouts": null,
            "update_time": "2023-09-20T00:53:34.881100Z",
            "virtual_repository_config": []
          },
          "sensitive_attributes": [],
          "private": "eyJlMmJmYjczMC1lY2FhLTExZTYtOGY4OC0zNDM2M2JjN2M0YzAiOnsiY3JlYXRlIjoxMjAwMDAwMDAwMDAwLCJkZWxldGUiOjEyMDAwMDAwMDAwMDAsInVwZGF0ZSI6MTIwMDAwMDAwMDAwMH19"
        }
      ]
    }
  ],
  "check_results": null
}
